// !$*UTF8*$!
{
	archiveVersion = 1;
	classes = {
	};
	objectVersion = 56;
	objects = {

/* Begin PBXFileReference section */
		41012B562946EDE900745897 /* Day 1.playground */ = {isa = PBXFileReference; lastKnownFileType = file.playground; path = "Day 1.playground"; sourceTree = "<group>"; xcLanguageSpecificationIdentifier = xcode.lang.swift; };
		41D09E6B2947022E00E10195 /* Day 2.playground */ = {isa = PBXFileReference; lastKnownFileType = file.playground; path = "Day 2.playground"; sourceTree = "<group>"; xcLanguageSpecificationIdentifier = xcode.lang.swift; };
		41D09E6C2947BC4D00E10195 /* Day 3.playground */ = {isa = PBXFileReference; lastKnownFileType = file.playground; path = "Day 3.playground"; sourceTree = "<group>"; xcLanguageSpecificationIdentifier = xcode.lang.swift; };
/* End PBXFileReference section */

/* Begin PBXGroup section */
		41012B4E2946ED8200745897 = {
			isa = PBXGroup;
			children = (
				41D09E6C2947BC4D00E10195 /* Day 3.playground */,
				41D09E6B2947022E00E10195 /* Day 2.playground */,
				41012B562946EDE900745897 /* Day 1.playground */,
			);
			sourceTree = "<group>";
		};
/* End PBXGroup section */

/* Begin PBXProject section */
		41012B4F2946ED8200745897 /* Project object */ = {
			isa = PBXProject;
			attributes = {
				BuildIndependentTargetsInParallel = 1;
				LastUpgradeCheck = 1420;
			};
			buildConfigurationList = 41012B522946ED8200745897 /* Build configuration list for PBXProject "Advent of Code" */;
			compatibilityVersion = "Xcode 14.0";
			developmentRegion = en;
			hasScannedForEncodings = 0;
			knownRegions = (
				en,
				Base,
			);
			mainGroup = 41012B4E2946ED8200745897;
			projectDirPath = "";
			projectRoot = "";
			targets = (
			);
		};
/* End PBXProject section */

/* Begin XCBuildConfiguration section */
		41012B532946ED8200745897 /* Debug */ = {
			isa = XCBuildConfiguration;
			buildSettings = {
			};
			name = Debug;
		};
		41012B542946ED8200745897 /* Release */ = {
			isa = XCBuildConfiguration;
			buildSettings = {
			};
			name = Release;
		};
/* End XCBuildConfiguration section */

/* Begin XCConfigurationList section */
		41012B522946ED8200745897 /* Build configuration list for PBXProject "Advent of Code" */ = {
			isa = XCConfigurationList;
			buildConfigurations = (
				41012B532946ED8200745897 /* Debug */,
				41012B542946ED8200745897 /* Release */,
			);
			defaultConfigurationIsVisible = 0;
			defaultConfigurationName = Release;
		};
/* End XCConfigurationList section */
	};
	rootObject = 41012B4F2946ED8200745897 /* Project object */;
}
